
Microsoft Visual Studio Solution File, Format Version 12.00
# Visual Studio Version 17
VisualStudioVersion = 17.8.34309.116
MinimumVisualStudioVersion = 10.0.40219.1
Project("{FAE04EC0-301F-11D3-BF4B-00C04F79EFBC}") = "OOP-Lab3", "OOP-Lab3\OOP-Lab3.csproj", "{9E144165-215B-4D53-A2C5-4D8422B80643}"
EndProject
Global
	GlobalSection(SolutionConfigurationPlatforms) = preSolution
		Debug|Any CPU = Debug|Any CPU
		Release|Any CPU = Release|Any CPU
	EndGlobalSection
	GlobalSection(ProjectConfigurationPlatforms) = postSolution
		{9E144165-215B-4D53-A2C5-4D8422B80643}.Debug|Any CPU.ActiveCfg = Debug|Any CPU
		{9E144165-215B-4D53-A2C5-4D8422B80643}.Debug|Any CPU.Build.0 = Debug|Any CPU
		{9E144165-215B-4D53-A2C5-4D8422B80643}.Release|Any CPU.ActiveCfg = Release|Any CPU
		{9E144165-215B-4D53-A2C5-4D8422B80643}.Release|Any CPU.Build.0 = Release|Any CPU
	EndGlobalSection
	GlobalSection(SolutionProperties) = preSolution
		HideSolutionNode = FALSE
	EndGlobalSection
	GlobalSection(ExtensibilityGlobals) = postSolution
		SolutionGuid = {1C2F9FD0-9F11-447F-B315-B70C958C623C}
	EndGlobalSection
EndGlobal
